{
  "nodes": {
    "nixpkgs": {
      "locked": {
        "lastModified": 1726755586,
        "narHash": "sha256-PmUr/2GQGvFTIJ6/Tvsins7Q43KTMvMFhvG6oaYK+Wk=",
        "owner": "nixos",
        "repo": "nixpkgs",
        "rev": "c04d5652cfa9742b1d519688f65d1bbccea9eb7e",
        "type": "github"
      },
      "original": {
        "owner": "nixos",
        "ref": "nixos-unstable",
        "repo": "nixpkgs",
        "type": "github"
      }
    },
    "root": {
      "inputs": {
        "nixpkgs": "nixpkgs",
        "tumblepkgs": "tumblepkgs"
      }
    },
    "tumblepkgs": {
      "inputs": {
        "nixpkgs": [
          "nixpkgs"
        ]
      },
      "locked": {
        "lastModified": 1726919112,
        "narHash": "sha256-MiWSwJC8UnLvKMDzH53gf9oRD96iDp4L3OAH3MiTH0k=",
        "ref": "refs/heads/main",
        "rev": "29d0afff0dcd1178418edc975cc20b29b05e9ccb",
        "revCount": 3,
        "type": "git",
        "url": "https://git.disroot.org/tumble/tumblepkgs"
      },
      "original": {
        "type": "git",
        "url": "https://git.disroot.org/tumble/tumblepkgs"
      }
    }
  },
  "root": "root",
  "version": 7
}
